
Microsoft Visual Studio Solution File, Format Version 12.00
# Visual Studio Version 17
VisualStudioVersion = 17.8.34330.188
MinimumVisualStudioVersion = 10.0.40219.1
Project("{FAE04EC0-301F-11D3-BF4B-00C04F79EFBC}") = "CVS Parser", "CVS Parser\CVS Parser.csproj", "{91E0B942-6882-4F4D-A2E0-6AD934FE772D}"
EndProject
Global
	GlobalSection(SolutionConfigurationPlatforms) = preSolution
		Debug|Any CPU = Debug|Any CPU
		Release|Any CPU = Release|Any CPU
	EndGlobalSection
	GlobalSection(ProjectConfigurationPlatforms) = postSolution
		{91E0B942-6882-4F4D-A2E0-6AD934FE772D}.Debug|Any CPU.ActiveCfg = Debug|Any CPU
		{91E0B942-6882-4F4D-A2E0-6AD934FE772D}.Debug|Any CPU.Build.0 = Debug|Any CPU
		{91E0B942-6882-4F4D-A2E0-6AD934FE772D}.Release|Any CPU.ActiveCfg = Release|Any CPU
		{91E0B942-6882-4F4D-A2E0-6AD934FE772D}.Release|Any CPU.Build.0 = Release|Any CPU
	EndGlobalSection
	GlobalSection(SolutionProperties) = preSolution
		HideSolutionNode = FALSE
	EndGlobalSection
	GlobalSection(ExtensibilityGlobals) = postSolution
		SolutionGuid = {61DA435D-BF8F-4296-A38B-4EBD798559B9}
	EndGlobalSection
EndGlobal
