
Microsoft Visual Studio Solution File, Format Version 12.00
# Visual Studio Version 17
VisualStudioVersion = 17.8.34330.188
MinimumVisualStudioVersion = 10.0.40219.1
Project("{9A19103F-16F7-4668-BE54-9A1E7A4F7556}") = "Songs1", "Songs1\Songs1.csproj", "{76D63E64-9A08-43D4-9FA0-39C76557BA06}"
EndProject
Project("{9A19103F-16F7-4668-BE54-9A1E7A4F7556}") = "Students", "Students\Students.csproj", "{42E7CC82-A203-4A19-82CB-BEE582AB80F5}"
EndProject
Project("{9A19103F-16F7-4668-BE54-9A1E7A4F7556}") = "StoreBox", "StoreBox\StoreBox.csproj", "{D7AC3029-4635-44E2-BA84-B526DE0646A7}"
EndProject
Project("{FAE04EC0-301F-11D3-BF4B-00C04F79EFBC}") = "Vehicles Catalogue", "Vechicles Catalogue\Vehicles Catalogue.csproj", "{07688CA0-1CA6-4F3D-9436-29ECB5CFD1A1}"
EndProject
Global
	GlobalSection(SolutionConfigurationPlatforms) = preSolution
		Debug|Any CPU = Debug|Any CPU
		Release|Any CPU = Release|Any CPU
	EndGlobalSection
	GlobalSection(ProjectConfigurationPlatforms) = postSolution
		{76D63E64-9A08-43D4-9FA0-39C76557BA06}.Debug|Any CPU.ActiveCfg = Debug|Any CPU
		{76D63E64-9A08-43D4-9FA0-39C76557BA06}.Debug|Any CPU.Build.0 = Debug|Any CPU
		{76D63E64-9A08-43D4-9FA0-39C76557BA06}.Release|Any CPU.ActiveCfg = Release|Any CPU
		{76D63E64-9A08-43D4-9FA0-39C76557BA06}.Release|Any CPU.Build.0 = Release|Any CPU
		{42E7CC82-A203-4A19-82CB-BEE582AB80F5}.Debug|Any CPU.ActiveCfg = Debug|Any CPU
		{42E7CC82-A203-4A19-82CB-BEE582AB80F5}.Debug|Any CPU.Build.0 = Debug|Any CPU
		{42E7CC82-A203-4A19-82CB-BEE582AB80F5}.Release|Any CPU.ActiveCfg = Release|Any CPU
		{42E7CC82-A203-4A19-82CB-BEE582AB80F5}.Release|Any CPU.Build.0 = Release|Any CPU
		{D7AC3029-4635-44E2-BA84-B526DE0646A7}.Debug|Any CPU.ActiveCfg = Debug|Any CPU
		{D7AC3029-4635-44E2-BA84-B526DE0646A7}.Debug|Any CPU.Build.0 = Debug|Any CPU
		{D7AC3029-4635-44E2-BA84-B526DE0646A7}.Release|Any CPU.ActiveCfg = Release|Any CPU
		{D7AC3029-4635-44E2-BA84-B526DE0646A7}.Release|Any CPU.Build.0 = Release|Any CPU
		{07688CA0-1CA6-4F3D-9436-29ECB5CFD1A1}.Debug|Any CPU.ActiveCfg = Debug|Any CPU
		{07688CA0-1CA6-4F3D-9436-29ECB5CFD1A1}.Debug|Any CPU.Build.0 = Debug|Any CPU
		{07688CA0-1CA6-4F3D-9436-29ECB5CFD1A1}.Release|Any CPU.ActiveCfg = Release|Any CPU
		{07688CA0-1CA6-4F3D-9436-29ECB5CFD1A1}.Release|Any CPU.Build.0 = Release|Any CPU
	EndGlobalSection
	GlobalSection(SolutionProperties) = preSolution
		HideSolutionNode = FALSE
	EndGlobalSection
	GlobalSection(ExtensibilityGlobals) = postSolution
		SolutionGuid = {E6640A4D-F445-46A9-9571-23503D965881}
	EndGlobalSection
EndGlobal
